
Microsoft Visual Studio Solution File, Format Version 12.00
# Visual Studio Version 17
VisualStudioVersion = 17.7.34031.279
MinimumVisualStudioVersion = 10.0.40219.1
Project("{FAE04EC0-301F-11D3-BF4B-00C04F79EFBC}") = "YandexGPTWrapper", "YandexGPTWrapper.csproj", "{8B81A0CB-A2C8-4158-8D4E-2E6E6AB4000E}"
EndProject
Global
	GlobalSection(SolutionConfigurationPlatforms) = preSolution
		Debug|Any CPU = Debug|Any CPU
		Release|Any CPU = Release|Any CPU
	EndGlobalSection
	GlobalSection(ProjectConfigurationPlatforms) = postSolution
		{8B81A0CB-A2C8-4158-8D4E-2E6E6AB4000E}.Debug|Any CPU.ActiveCfg = Debug|Any CPU
		{8B81A0CB-A2C8-4158-8D4E-2E6E6AB4000E}.Debug|Any CPU.Build.0 = Debug|Any CPU
		{8B81A0CB-A2C8-4158-8D4E-2E6E6AB4000E}.Release|Any CPU.ActiveCfg = Release|Any CPU
		{8B81A0CB-A2C8-4158-8D4E-2E6E6AB4000E}.Release|Any CPU.Build.0 = Release|Any CPU
	EndGlobalSection
	GlobalSection(SolutionProperties) = preSolution
		HideSolutionNode = FALSE
	EndGlobalSection
	GlobalSection(ExtensibilityGlobals) = postSolution
		SolutionGuid = {5CDB08F1-E7C6-4975-8DFC-2AC59FDE538D}
	EndGlobalSection
EndGlobal
